{
    "name": "@tractorzoom/theme",
    "version": "1.4.1",
    "lockfileVersion": 1,
    "requires": true,
    "dependencies": {
        "@fontsource/inter": {
            "version": "4.4.5",
            "resolved": "https://registry.npmjs.org/@fontsource/inter/-/inter-4.4.5.tgz",
            "integrity": "sha512-eRUmB54CbyC3MhAuw2VvTPEc3wy8sFi0/1mVHaC7ZXglXcrSWXY+p8Xad/Zy8AcmS9BuqCCEH2qJbOt9XdX65Q=="
        }
    }
}
