{
    "name": "@tractorzoom/components",
    "version": "1.1.2",
    "lockfileVersion": 1,
    "requires": true,
    "dependencies": {
        "@babel/runtime": {
            "version": "7.13.10",
            "resolved": "https://registry.npmjs.org/@babel/runtime/-/runtime-7.13.10.tgz",
            "integrity": "sha512-4QPkjJq6Ns3V/RgpEahRk+AGfL0eO6RHHtTWoNNr5mO49G6B5+X6d6THgWEAvTrznU5xYpbAlVKRYcsCgh/Akw==",
            "requires": {
                "regenerator-runtime": "^0.13.4"
            }
        },
        "@fontsource/inter": {
            "version": "4.4.5",
            "resolved": "https://registry.npmjs.org/@fontsource/inter/-/inter-4.4.5.tgz",
            "integrity": "sha512-eRUmB54CbyC3MhAuw2VvTPEc3wy8sFi0/1mVHaC7ZXglXcrSWXY+p8Xad/Zy8AcmS9BuqCCEH2qJbOt9XdX65Q=="
        },
        "@tractorzoom/basic-dialog": {
            "version": "0.33.1",
            "resolved": "https://registry.npmjs.org/@tractorzoom/basic-dialog/-/basic-dialog-0.33.1.tgz",
            "integrity": "sha512-ZhWfvWZokUwkE1u23oRRSx1bLSpyN54Nnck792nwgMsSaWRnVhwPhp3+IlTxbNmc00KF+Y4+WMDYevznVx4mnQ=="
        },
        "@tractorzoom/button": {
            "version": "1.3.0",
            "resolved": "https://registry.npmjs.org/@tractorzoom/button/-/button-1.3.0.tgz",
            "integrity": "sha512-82bjghHowr5MzRRjIKs1iom0ZuUBeFntivtDksnmU1SCYqmoSbAprubVZrJ9ooa8sIWeO/pYycEPIPiPKCXNSQ=="
        },
        "@tractorzoom/button-dropdown": {
            "version": "0.32.1",
            "resolved": "https://registry.npmjs.org/@tractorzoom/button-dropdown/-/button-dropdown-0.32.1.tgz",
            "integrity": "sha512-EGrBx0dMoXncRmkZpsns652gpGzB1YITF/QRt3tE+YTGxhg0aIiydeqAqTI0wPfM+WswtsiIO3K5Y5IjUZocow=="
        },
        "@tractorzoom/button-group": {
            "version": "0.32.3",
            "resolved": "https://registry.npmjs.org/@tractorzoom/button-group/-/button-group-0.32.3.tgz",
            "integrity": "sha512-8RYWUI7J095wSP7Xp56MbILhd296+1ISXoaOI820pp77J2l1wfPTHDvEL6Z2NIUpbumqJZw+gq6WUzerIFc+qw==",
            "requires": {
                "clsx": "1.1.1"
            }
        },
        "@tractorzoom/chip": {
            "version": "1.1.1",
            "resolved": "https://registry.npmjs.org/@tractorzoom/chip/-/chip-1.1.1.tgz",
            "integrity": "sha512-pRolXjc7EaTTUmrb/7Aspg4AZ/Rkmnkdmy42kVjxKp8oL0tmurI5HXpjpySaBcPXlp6uXElA+xu9tNvKc/ZzaA=="
        },
        "@tractorzoom/equipment-card": {
            "version": "2.0.1",
            "resolved": "https://registry.npmjs.org/@tractorzoom/equipment-card/-/equipment-card-2.0.1.tgz",
            "integrity": "sha512-cvOrkjdQn0tx1g0P1dgmLNoNDLxwexh/azg9JpCysnoDSBiQ3FgSdbiHgLlYANUaDuO3QjXAj9Wh2ShsFDuFWw=="
        },
        "@tractorzoom/list": {
            "version": "0.32.1",
            "resolved": "https://registry.npmjs.org/@tractorzoom/list/-/list-0.32.1.tgz",
            "integrity": "sha512-6seBSFPdqnt56b8cqKNeSD77YznVBocBO5wI6gt8Ok4D2rOVn7VXfaFlvvILN3Ef03DLDEfwfFG2pKyqtQgBRA==",
            "requires": {
                "react-virtualized-auto-sizer": "1.0.5",
                "react-window": "1.8.6"
            }
        },
        "@tractorzoom/lozenge": {
            "version": "1.1.0",
            "resolved": "https://registry.npmjs.org/@tractorzoom/lozenge/-/lozenge-1.1.0.tgz",
            "integrity": "sha512-h45hWkA7IyU3WZBv99G9CWen02+flW8cXnbBCU+TJTBZPqXe4B+1NWOgQgalZMP61vAvQu8K1a7tl3gamU2JYw=="
        },
        "@tractorzoom/native-select": {
            "version": "0.32.1",
            "resolved": "https://registry.npmjs.org/@tractorzoom/native-select/-/native-select-0.32.1.tgz",
            "integrity": "sha512-a0f7nsIuIKDX7nBZsyrNN65i8ZLE4/b4gekKoxptxxAEI1ztfpJ8yUeVqDoMngP0sDC2OajgHMj/8lQXslKdSg==",
            "requires": {
                "clsx": "^1.1.1"
            }
        },
        "@tractorzoom/number-field": {
            "version": "0.32.4",
            "resolved": "https://registry.npmjs.org/@tractorzoom/number-field/-/number-field-0.32.4.tgz",
            "integrity": "sha512-loU/owtrkR68LCHxa7fa6/oanOCSDAdO6jKHZQrKIbAW5TTBASdxuwegyGu/g1pMwT5dtNyS47i8Hrt63iMQEg==",
            "requires": {
                "react-number-format": "4.6.3"
            }
        },
        "@tractorzoom/places-select": {
            "version": "2.1.3",
            "resolved": "https://registry.npmjs.org/@tractorzoom/places-select/-/places-select-2.1.3.tgz",
            "integrity": "sha512-km8qA81MnHXAmRF9j3OyAElKmP+fR7ISN8OV0lp3/J0y/fCdsx9/TTyImaX/MW0pTHfEbg/2LGPFXh6u0P3jmw==",
            "requires": {
                "autosuggest-highlight": "3.1.1",
                "use-places-autocomplete": "1.9.3"
            }
        },
        "@tractorzoom/radio": {
            "version": "1.1.1",
            "resolved": "https://registry.npmjs.org/@tractorzoom/radio/-/radio-1.1.1.tgz",
            "integrity": "sha512-mJ7Nr08e4iu9mk5iBa5ydIp4YkIn5rahleyYQM8CQ2cQ9AtlpCBEXp4NN9xiRHYcFtAcy+dozcf/VRnk45kdzQ==",
            "requires": {
                "clsx": "1.1.1"
            }
        },
        "@tractorzoom/select": {
            "version": "0.32.1",
            "resolved": "https://registry.npmjs.org/@tractorzoom/select/-/select-0.32.1.tgz",
            "integrity": "sha512-tT69wpB/wLf19w5BTrK+Um7SbTxF8X1nLBSzRs2XYgBY4Tuhn87fURNohA2W59+ZeVH+uzSpCvry67Pyb1dwmA==",
            "requires": {
                "match-sorter": "6.3.0",
                "react-window": "1.8.6"
            }
        },
        "@tractorzoom/side-panel": {
            "version": "0.37.0",
            "resolved": "https://registry.npmjs.org/@tractorzoom/side-panel/-/side-panel-0.37.0.tgz",
            "integrity": "sha512-+6/0+xFW/FmWAAUiDK9BBQ4cQ78WTb67DVzYr4BmfMnUlEhW8RfRmrpF/gP9aiK+rPd+T3yZmsQrT2HwpKz/nA=="
        },
        "@tractorzoom/simple-select": {
            "version": "1.3.1",
            "resolved": "https://registry.npmjs.org/@tractorzoom/simple-select/-/simple-select-1.3.1.tgz",
            "integrity": "sha512-f3F7SXGVyn8mbuVu2D/UzSd0Gj6uyp/CJFV9EZocB0/5JrM4AdF2Zw0/J8A0XbxAhJx4uD5jyV1P2ES6Xcai2w==",
            "requires": {
                "clsx": "1.1.1"
            }
        },
        "@tractorzoom/text-field": {
            "version": "1.1.2",
            "resolved": "https://registry.npmjs.org/@tractorzoom/text-field/-/text-field-1.1.2.tgz",
            "integrity": "sha512-w1m7j7jQvPSYenFfTxDnm22QH3YPd21sF2buKWkw5cGLMr/ilqyezA4SHZjT/WY+AoOaEqXZkjA4AacFaK5clg=="
        },
        "@tractorzoom/theme": {
            "version": "1.4.2",
            "resolved": "https://registry.npmjs.org/@tractorzoom/theme/-/theme-1.4.2.tgz",
            "integrity": "sha512-6Lh6D+3Mid0nsdbMasPnMDvymMUxnqmL49RNCXALTRPbKDoPFhnlbbRlZJbiViyt/tKNLOp3HZwCbx37JPT58Q==",
            "requires": {
                "@fontsource/inter": "4.4.5"
            }
        },
        "@tractorzoom/usage-meter": {
            "version": "0.32.1",
            "resolved": "https://registry.npmjs.org/@tractorzoom/usage-meter/-/usage-meter-0.32.1.tgz",
            "integrity": "sha512-DxrmD4/7BEqthK3fgIRdZtArBlU0q57MSUfE0xywD8q4KDBHSRRl8AnQZXKfH70+LSV+FYqWyNYcMdD0Nmx5WA==",
            "requires": {
                "clsx": "^1.1.1"
            }
        },
        "autosuggest-highlight": {
            "version": "3.1.1",
            "resolved": "https://registry.npmjs.org/autosuggest-highlight/-/autosuggest-highlight-3.1.1.tgz",
            "integrity": "sha512-MQ6GNIGMMZbeA5FlBLXXgkZEthysCdYNkMV4MahB2/qB/9cwBnVsePUPnIqkMuzjzclTtDa67xln7cgLDu2f/g==",
            "requires": {
                "diacritic": "0.0.2"
            }
        },
        "clsx": {
            "version": "1.1.1",
            "resolved": "https://registry.npmjs.org/clsx/-/clsx-1.1.1.tgz",
            "integrity": "sha512-6/bPho624p3S2pMyvP5kKBPXnI3ufHLObBFCfgx+LkeR5lg2XYy2hqZqUf45ypD8COn2bhgGJSUE+l5dhNBieA=="
        },
        "diacritic": {
            "version": "0.0.2",
            "resolved": "https://registry.npmjs.org/diacritic/-/diacritic-0.0.2.tgz",
            "integrity": "sha1-/CqIe1pbwKCoVPthTHwvIJBh7gQ="
        },
        "js-tokens": {
            "version": "4.0.0",
            "resolved": "https://registry.npmjs.org/js-tokens/-/js-tokens-4.0.0.tgz",
            "integrity": "sha512-RdJUflcE3cUzKiMqQgsCu06FPu9UdIJO0beYbPhHN4k6apgJtifcoCtT9bcxOpYBtpD2kCM6Sbzg4CausW/PKQ=="
        },
        "loose-envify": {
            "version": "1.4.0",
            "resolved": "https://registry.npmjs.org/loose-envify/-/loose-envify-1.4.0.tgz",
            "integrity": "sha512-lyuxPGr/Wfhrlem2CL/UcnUc1zcqKAImBDzukY7Y5F/yQiNdko6+fRLevlw1HgMySw7f611UIY408EtxRSoK3Q==",
            "requires": {
                "js-tokens": "^3.0.0 || ^4.0.0"
            }
        },
        "match-sorter": {
            "version": "6.3.0",
            "resolved": "https://registry.npmjs.org/match-sorter/-/match-sorter-6.3.0.tgz",
            "integrity": "sha512-efYOf/wUpNb8FgNY+cOD2EIJI1S5I7YPKsw0LBp7wqPh5pmMS6i/wr3ZWwfwrAw1NvqTA2KUReVRWDX84lUcOQ==",
            "requires": {
                "@babel/runtime": "^7.12.5",
                "remove-accents": "0.4.2"
            }
        },
        "memoize-one": {
            "version": "5.2.1",
            "resolved": "https://registry.npmjs.org/memoize-one/-/memoize-one-5.2.1.tgz",
            "integrity": "sha512-zYiwtZUcYyXKo/np96AGZAckk+FWWsUdJ3cHGGmld7+AhvcWmQyGCYUh1hc4Q/pkOhb65dQR/pqCyK0cOaHz4Q=="
        },
        "object-assign": {
            "version": "4.1.1",
            "resolved": "https://registry.npmjs.org/object-assign/-/object-assign-4.1.1.tgz",
            "integrity": "sha1-IQmtx5ZYh8/AXLvUQsrIv7s2CGM="
        },
        "prop-types": {
            "version": "15.7.2",
            "resolved": "https://registry.npmjs.org/prop-types/-/prop-types-15.7.2.tgz",
            "integrity": "sha512-8QQikdH7//R2vurIJSutZ1smHYTcLpRWEOlHnzcWHmBYrOGUysKwSsrC89BCiFj3CbrfJ/nXFdJepOVrY1GCHQ==",
            "requires": {
                "loose-envify": "^1.4.0",
                "object-assign": "^4.1.1",
                "react-is": "^16.8.1"
            },
            "dependencies": {
                "react-is": {
                    "version": "16.13.1",
                    "resolved": "https://registry.npmjs.org/react-is/-/react-is-16.13.1.tgz",
                    "integrity": "sha512-24e6ynE2H+OKt4kqsOvNd8kBpV65zoxbA4BVsEOB3ARVWQki/DHzaUoC5KuON/BiccDaCCTZBuOcfZs70kR8bQ=="
                }
            }
        },
        "react-number-format": {
            "version": "4.6.3",
            "resolved": "https://registry.npmjs.org/react-number-format/-/react-number-format-4.6.3.tgz",
            "integrity": "sha512-AZJwR/2mnl1cTRxQRjIITKp+Rg+4bYgjNylw7it7+x9UyIUAEpEK3fETKCqC5F2mVW8S41Xc6gpeH3VcJbPRsg==",
            "requires": {
                "prop-types": "^15.7.2"
            }
        },
        "react-virtualized-auto-sizer": {
            "version": "1.0.5",
            "resolved": "https://registry.npmjs.org/react-virtualized-auto-sizer/-/react-virtualized-auto-sizer-1.0.5.tgz",
            "integrity": "sha512-kivjYVWX15TX2IUrm8F1jaCEX8EXrpy3DD+u41WGqJ1ZqbljWpiwscV+VxOM1l7sSIM1jwi2LADjhhAJkJ9dxA=="
        },
        "react-window": {
            "version": "1.8.6",
            "resolved": "https://registry.npmjs.org/react-window/-/react-window-1.8.6.tgz",
            "integrity": "sha512-8VwEEYyjz6DCnGBsd+MgkD0KJ2/OXFULyDtorIiTz+QzwoP94tBoA7CnbtyXMm+cCeAUER5KJcPtWl9cpKbOBg==",
            "requires": {
                "@babel/runtime": "^7.0.0",
                "memoize-one": ">=3.1.1 <6"
            }
        },
        "regenerator-runtime": {
            "version": "0.13.7",
            "resolved": "https://registry.npmjs.org/regenerator-runtime/-/regenerator-runtime-0.13.7.tgz",
            "integrity": "sha512-a54FxoJDIr27pgf7IgeQGxmqUNYrcV338lf/6gH456HZ/PhX+5BcwHXG9ajESmwe6WRO0tAzRUrRmNONWgkrew=="
        },
        "remove-accents": {
            "version": "0.4.2",
            "resolved": "https://registry.npmjs.org/remove-accents/-/remove-accents-0.4.2.tgz",
            "integrity": "sha1-CkPTqq4egNuRngeuJUsoXZ4ce7U="
        },
        "use-places-autocomplete": {
            "version": "1.9.3",
            "resolved": "https://registry.npmjs.org/use-places-autocomplete/-/use-places-autocomplete-1.9.3.tgz",
            "integrity": "sha512-9N05hAAKttkx3e6WVW6MR2q53v2FN2TbmwAAPES26gUINb8P5ZzHvoT4D/E+NLY3qnGehGffYRm1Iflro29GQQ=="
        }
    }
}
